// !$*UTF8*$!
{
	archiveVersion = 1;
	classes = {
	};
	objectVersion = 77;
	objects = {

/* Begin PBXBuildFile section */
		02AA3E5CF2D3A84FDEDDA24C /* ProxyLensIntegrationTests.swift in Sources */ = {isa = PBXBuildFile; fileRef = 5331A527935610BDB492FE9C /* ProxyLensIntegrationTests.swift */; };
		081BC6F59C782E01DC66335D /* TrafficReverseProxyRouteStore.swift in Sources */ = {isa = PBXBuildFile; fileRef = B46D3431731F71076B7E8CDC /* TrafficReverseProxyRouteStore.swift */; };
		0AA7F110FB4E462B57660E3D /* TrafficSourceListVisibilityStore.swift in Sources */ = {isa = PBXBuildFile; fileRef = 575D3C8C845DF8218137261D /* TrafficSourceListVisibilityStore.swift */; };
		18E04A6A0FC39C84C3450FF2 /* TrafficProtobufDescriptorStore.swift in Sources */ = {isa = PBXBuildFile; fileRef = DBFD65D95C8689BCCD474F78 /* TrafficProtobufDescriptorStore.swift */; };
		19ECB9E0DE653CF3227D2936 /* TrafficDisplayFilter.swift in Sources */ = {isa = PBXBuildFile; fileRef = 3C4C2E7B48C286D7CB4F53ED /* TrafficDisplayFilter.swift */; };
		1AF990CEA12F140979A22D11 /* ImageBodyPreview.swift in Sources */ = {isa = PBXBuildFile; fileRef = A70766EAC7EB9C52135A70E9 /* ImageBodyPreview.swift */; };
		1F3E0E42713E3EC5C701FC01 /* FlowTableViewController.swift in Sources */ = {isa = PBXBuildFile; fileRef = 7A5B8979CB766DA0883293A7 /* FlowTableViewController.swift */; };
		208EBE3657E87216363FEEB2 /* TrafficFlowComparison.swift in Sources */ = {isa = PBXBuildFile; fileRef = DE6FFD1480622E10FA5F033E /* TrafficFlowComparison.swift */; };
		2A55D8572B18D2C95D390218 /* TrafficRuleEditor.swift in Sources */ = {isa = PBXBuildFile; fileRef = C2ED53E7A9B4CAC71806AB42 /* TrafficRuleEditor.swift */; };
		2AF529B0005003D7AAEE5500 /* TrafficSSLProxyingStore.swift in Sources */ = {isa = PBXBuildFile; fileRef = F5B16617489B7554DFFD498E /* TrafficSSLProxyingStore.swift */; };
		34B71C03018F7D5810DA6AC7 /* TrafficExternalHTTPProxyStore.swift in Sources */ = {isa = PBXBuildFile; fileRef = 025545B6070CDC628BBF5D34 /* TrafficExternalHTTPProxyStore.swift */; };
		373B10301985160C7CE114CD /* ProxyLensPlatform in Frameworks */ = {isa = PBXBuildFile; productRef = 18B3570142EE7D25C687F016 /* ProxyLensPlatform */; };
		39A64F0B002C5E3C6AA9C7C6 /* TrafficRequestComposerStore.swift in Sources */ = {isa = PBXBuildFile; fileRef = CF341D98675B009E12536DD5 /* TrafficRequestComposerStore.swift */; };
		3B4B3AB33F02C34981C5CCD1 /* WebSocketFramesViewController.swift in Sources */ = {isa = PBXBuildFile; fileRef = 41BE7B4809C9B8A2AEE6753C /* WebSocketFramesViewController.swift */; };
		3BD1BC19418233B225EDEC20 /* TrafficConsoleView.swift in Sources */ = {isa = PBXBuildFile; fileRef = 66A7CA88E94A0EEA0C0E87DE /* TrafficConsoleView.swift */; };
		3EF2D51CA6A342A164EB6AD3 /* SSLProxyingListTests.swift in Sources */ = {isa = PBXBuildFile; fileRef = B95DB0CB5CB9FE1AAB1AED89 /* SSLProxyingListTests.swift */; };
		400C806BF9630E81A3E0192E /* RequestEditorViewController.swift in Sources */ = {isa = PBXBuildFile; fileRef = 923D9E5BA08B5AA1C1799C58 /* RequestEditorViewController.swift */; };
		49ADFB634AF075C4AD7876C5 /* TrafficRulePresentation.swift in Sources */ = {isa = PBXBuildFile; fileRef = C2C16F1BA59C615C93D2C05E /* TrafficRulePresentation.swift */; };
		4ACD51C43F2085541678203F /* CompositionRoot.swift in Sources */ = {isa = PBXBuildFile; fileRef = CD55B533219D6E951D93154C /* CompositionRoot.swift */; };
		4F198D256EC8EE56A4204437 /* TrafficConsoleModels.swift in Sources */ = {isa = PBXBuildFile; fileRef = 24F1B0636038D75081A25CB1 /* TrafficConsoleModels.swift */; };
		576E0F7AA3563221D08C27DD /* JSONTreeView.swift in Sources */ = {isa = PBXBuildFile; fileRef = 8F81536FD8C5903EBEE8CA5B /* JSONTreeView.swift */; };
		57B64457ADACF350F658A216 /* JSONPathView.swift in Sources */ = {isa = PBXBuildFile; fileRef = 01D09B9926BB52A1173728A9 /* JSONPathView.swift */; };
		595E71FFE8A5B63FADEECBB1 /* TrafficTimingView.swift in Sources */ = {isa = PBXBuildFile; fileRef = 8F8C4066A4A4B34B34D3FDE0 /* TrafficTimingView.swift */; };
		5C332CA8AA8DEFCB70104DFC /* TrafficCustomFilterPresetStore.swift in Sources */ = {isa = PBXBuildFile; fileRef = 47B5D14A8463E3566BC5DFA1 /* TrafficCustomFilterPresetStore.swift */; };
		611C6B0AC8AA0D94381708F3 /* SourceListStateTests.swift in Sources */ = {isa = PBXBuildFile; fileRef = 97015C25EE33DFBBED7C335A /* SourceListStateTests.swift */; };
		75362247E3B434188D34A8AF /* RemoteDeviceOnboardingTests.swift in Sources */ = {isa = PBXBuildFile; fileRef = A75E3220B8D710A469344805 /* RemoteDeviceOnboardingTests.swift */; };
		7C3CD3EC0DACA4AB765C8CAB /* FlowComparisonViewController.swift in Sources */ = {isa = PBXBuildFile; fileRef = 873F46074DE3A8ABCB8DF71A /* FlowComparisonViewController.swift */; };
		7D51B5260D8232D964AF0FA9 /* FlowAnnotationBar.swift in Sources */ = {isa = PBXBuildFile; fileRef = 91873DC87AA9518EDB8F05A6 /* FlowAnnotationBar.swift */; };
		7E1E455788136B45627A3A1D /* ServerSentEventsViewController.swift in Sources */ = {isa = PBXBuildFile; fileRef = E6089C908BF5371EDF420474 /* ServerSentEventsViewController.swift */; };
		82E9F96DC626E6ECD9CC4E77 /* AppRootView.swift in Sources */ = {isa = PBXBuildFile; fileRef = EFDFBB4A0E109EE410B35366 /* AppRootView.swift */; };
		85D80C4974F4313825EF6297 /* ProxyLensCore in Frameworks */ = {isa = PBXBuildFile; productRef = 708F2844C30F68CD32CA2B79 /* ProxyLensCore */; };
		88551FA8089521662410CAE2 /* TrafficNetworkConditionProfileStore.swift in Sources */ = {isa = PBXBuildFile; fileRef = CAC50E4C3CEF3E988F3E971A /* TrafficNetworkConditionProfileStore.swift */; };
		8A00694007D37784EF2F9552 /* TrafficPinnedDomainsStore.swift in Sources */ = {isa = PBXBuildFile; fileRef = 4BE1E94AA8E3C39F60F3D91E /* TrafficPinnedDomainsStore.swift */; };
		8F4076E6ABADE5F34B4D9333 /* RemoteDeviceManagerViewController.swift in Sources */ = {isa = PBXBuildFile; fileRef = 89FE3DD493C2F8C4C344A32F /* RemoteDeviceManagerViewController.swift */; };
		8F716C718834177D066B5E10 /* ProxyLensUITests.swift in Sources */ = {isa = PBXBuildFile; fileRef = 0D5BA0765D03EAF524893CFC /* ProxyLensUITests.swift */; };
		9C01985BB4429DD4DD2E6DD8 /* ProxyLensCapture in Frameworks */ = {isa = PBXBuildFile; productRef = 20B4DE37BCA1F153F20E438A /* ProxyLensCapture */; };
		A69F8681D48194E71BAD8819 /* TrafficSOCKS5ListenerStore.swift in Sources */ = {isa = PBXBuildFile; fileRef = 6FE27071A3CA1563BDE76A63 /* TrafficSOCKS5ListenerStore.swift */; };
		A9EE2454BBDABAD6D60AD13D /* SSLProxyingManagerViewController.swift in Sources */ = {isa = PBXBuildFile; fileRef = 4C9FD9794324A67AB8F838E6 /* SSLProxyingManagerViewController.swift */; };
		B059A6F35C869D13265781B2 /* TrafficFilterBar.swift in Sources */ = {isa = PBXBuildFile; fileRef = EEA75086146D4D5B75CE9C39 /* TrafficFilterBar.swift */; };
		B1230416786F249A18B323FE /* WebSocketComposerViewController.swift in Sources */ = {isa = PBXBuildFile; fileRef = 154601C50BCE47AC5C6F619A /* WebSocketComposerViewController.swift */; };
		B438B9E160B823649714C34A /* RemoteDeviceApprovalBar.swift in Sources */ = {isa = PBXBuildFile; fileRef = E0987AEBCD1F634E6632127F /* RemoteDeviceApprovalBar.swift */; };
		B8E503B70A4CBCA655FE20A6 /* main.swift in Sources */ = {isa = PBXBuildFile; fileRef = B0B47EE0953CA762B4070214 /* main.swift */; };
		C84263CEAC853ECBE41CDA8A /* RuleManagerViewController.swift in Sources */ = {isa = PBXBuildFile; fileRef = F33DFB4D2B24AD09B7284CFC /* RuleManagerViewController.swift */; };
		CAC19A6E8E780C96B6A82C03 /* ReverseProxyManagerViewController.swift in Sources */ = {isa = PBXBuildFile; fileRef = 2E4484C00B16ECAD577547E7 /* ReverseProxyManagerViewController.swift */; };
		CB41E5410231F1DF25E24FB3 /* ProxyLensApp.swift in Sources */ = {isa = PBXBuildFile; fileRef = 743A909ABF3FCA97B1C842A4 /* ProxyLensApp.swift */; };
		CC3BF6C33EBF71CD07924062 /* ProxyLensApplication in Frameworks */ = {isa = PBXBuildFile; productRef = 44FD6C85C044A8636F92B57A /* ProxyLensApplication */; };
		D12D1930AFFC6F304E1E311C /* ProxyLensPersistence in Frameworks */ = {isa = PBXBuildFile; productRef = 4BA26ACD4944A3F84274EAF3 /* ProxyLensPersistence */; };
		D259AE3B6E6E700C9C9B6A43 /* FlowAnnotationMenuController.swift in Sources */ = {isa = PBXBuildFile; fileRef = B4C16BE3CAEEDBBE3FB94843 /* FlowAnnotationMenuController.swift */; };
		D31032437A9858E0126F259B /* ReverseProxyManagerTests.swift in Sources */ = {isa = PBXBuildFile; fileRef = 122B2D73B54A8517A7900962 /* ReverseProxyManagerTests.swift */; };
		E2ADD2C913BA3F1C77422AB3 /* SourceListViewController.swift in Sources */ = {isa = PBXBuildFile; fileRef = DA8306A5410C88C25029B8B2 /* SourceListViewController.swift */; };
		E71EF203BB3608CDB20BB228 /* CertificateTrustView.swift in Sources */ = {isa = PBXBuildFile; fileRef = 5AE0BEE39E9A130D9B186A1E /* CertificateTrustView.swift */; };
		E863E81292180D5C2249B74F /* TrafficJSONTree.swift in Sources */ = {isa = PBXBuildFile; fileRef = 82ED225FEA837E0DF24F5714 /* TrafficJSONTree.swift */; };
		E8F8A7FFF5D720BDE99A6448 /* TrafficRemoteAccessStore.swift in Sources */ = {isa = PBXBuildFile; fileRef = AF811D2FF8122AFEFEE20474 /* TrafficRemoteAccessStore.swift */; };
		EBAD3832AD7D9319D09637A5 /* InspectorSyntaxHighlighter.swift in Sources */ = {isa = PBXBuildFile; fileRef = 0E12CC40779A6FCE6502DDAF /* InspectorSyntaxHighlighter.swift */; };
		EE3A98841B72146F45F0B436 /* TrafficConsoleViewModel.swift in Sources */ = {isa = PBXBuildFile; fileRef = D28AC7F10EA69837809C4FFD /* TrafficConsoleViewModel.swift */; };
		F54AA97088095502C3ED139A /* InspectorSyntaxHighlighterTests.swift in Sources */ = {isa = PBXBuildFile; fileRef = AD3F594423C38E94C9B9171B /* InspectorSyntaxHighlighterTests.swift */; };
		FA792C2FA4A58DD1F3A4199A /* TrafficConsoleViewController.swift in Sources */ = {isa = PBXBuildFile; fileRef = 5431991724785D72596AB045 /* TrafficConsoleViewController.swift */; };
		FD2D0BEA2060B361193FE458 /* InspectorViewController.swift in Sources */ = {isa = PBXBuildFile; fileRef = CD2DD7A3E5DBFDEBDAAB8019 /* InspectorViewController.swift */; };
		FE7E4F317F5A0A101DDD0473 /* RequestCodeViewController.swift in Sources */ = {isa = PBXBuildFile; fileRef = 2301F462EA5B6DF84A6E5963 /* RequestCodeViewController.swift */; };
/* End PBXBuildFile section */

/* Begin PBXContainerItemProxy section */
		D538C2403D30E8E8CDD5B157 /* PBXContainerItemProxy */ = {
			isa = PBXContainerItemProxy;
			containerPortal = 790FD78CBE7FE49997A127B9 /* Project object */;
			proxyType = 1;
			remoteGlobalIDString = 88FBBFAEB41803F06286C11C;
			remoteInfo = ProxyLens;
		};
		EE8480B65BBF6C7D302F7C24 /* PBXContainerItemProxy */ = {
			isa = PBXContainerItemProxy;
			containerPortal = 790FD78CBE7FE49997A127B9 /* Project object */;
			proxyType = 1;
			remoteGlobalIDString = 88FBBFAEB41803F06286C11C;
			remoteInfo = ProxyLens;
		};
/* End PBXContainerItemProxy section */

/* Begin PBXFileReference section */
		01D09B9926BB52A1173728A9 /* JSONPathView.swift */ = {isa = PBXFileReference; lastKnownFileType = sourcecode.swift; path = JSONPathView.swift; sourceTree = "<group>"; };
		025545B6070CDC628BBF5D34 /* TrafficExternalHTTPProxyStore.swift */ = {isa = PBXFileReference; lastKnownFileType = sourcecode.swift; path = TrafficExternalHTTPProxyStore.swift; sourceTree = "<group>"; };
		07B2D15FC28073283A671F99 /* ProxyLensIntegrationTests.xctest */ = {isa = PBXFileReference; explicitFileType = wrapper.cfbundle; includeInIndex = 0; path = ProxyLensIntegrationTests.xctest; sourceTree = BUILT_PRODUCTS_DIR; };
		0D5BA0765D03EAF524893CFC /* ProxyLensUITests.swift */ = {isa = PBXFileReference; lastKnownFileType = sourcecode.swift; path = ProxyLensUITests.swift; sourceTree = "<group>"; };
		0E12CC40779A6FCE6502DDAF /* InspectorSyntaxHighlighter.swift */ = {isa = PBXFileReference; lastKnownFileType = sourcecode.swift; path = InspectorSyntaxHighlighter.swift; sourceTree = "<group>"; };
		122B2D73B54A8517A7900962 /* ReverseProxyManagerTests.swift */ = {isa = PBXFileReference; lastKnownFileType = sourcecode.swift; path = ReverseProxyManagerTests.swift; sourceTree = "<group>"; };
		154601C50BCE47AC5C6F619A /* WebSocketComposerViewController.swift */ = {isa = PBXFileReference; lastKnownFileType = sourcecode.swift; path = WebSocketComposerViewController.swift; sourceTree = "<group>"; };
		2301F462EA5B6DF84A6E5963 /* RequestCodeViewController.swift */ = {isa = PBXFileReference; lastKnownFileType = sourcecode.swift; path = RequestCodeViewController.swift; sourceTree = "<group>"; };
		24F1B0636038D75081A25CB1 /* TrafficConsoleModels.swift */ = {isa = PBXFileReference; lastKnownFileType = sourcecode.swift; path = TrafficConsoleModels.swift; sourceTree = "<group>"; };
		2E4484C00B16ECAD577547E7 /* ReverseProxyManagerViewController.swift */ = {isa = PBXFileReference; lastKnownFileType = sourcecode.swift; path = ReverseProxyManagerViewController.swift; sourceTree = "<group>"; };
		3C4C2E7B48C286D7CB4F53ED /* TrafficDisplayFilter.swift */ = {isa = PBXFileReference; lastKnownFileType = sourcecode.swift; path = TrafficDisplayFilter.swift; sourceTree = "<group>"; };
		41BE7B4809C9B8A2AEE6753C /* WebSocketFramesViewController.swift */ = {isa = PBXFileReference; lastKnownFileType = sourcecode.swift; path = WebSocketFramesViewController.swift; sourceTree = "<group>"; };
		47B5D14A8463E3566BC5DFA1 /* TrafficCustomFilterPresetStore.swift */ = {isa = PBXFileReference; lastKnownFileType = sourcecode.swift; path = TrafficCustomFilterPresetStore.swift; sourceTree = "<group>"; };
		485699450B3F68111CF42269 /* ProxyLensApplication */ = {isa = PBXFileReference; lastKnownFileType = folder; name = ProxyLensApplication; path = Packages/ProxyLensApplication; sourceTree = SOURCE_ROOT; };
		4BE1E94AA8E3C39F60F3D91E /* TrafficPinnedDomainsStore.swift */ = {isa = PBXFileReference; lastKnownFileType = sourcecode.swift; path = TrafficPinnedDomainsStore.swift; sourceTree = "<group>"; };
		4C9FD9794324A67AB8F838E6 /* SSLProxyingManagerViewController.swift */ = {isa = PBXFileReference; lastKnownFileType = sourcecode.swift; path = SSLProxyingManagerViewController.swift; sourceTree = "<group>"; };
		5331A527935610BDB492FE9C /* ProxyLensIntegrationTests.swift */ = {isa = PBXFileReference; lastKnownFileType = sourcecode.swift; path = ProxyLensIntegrationTests.swift; sourceTree = "<group>"; };
		5431991724785D72596AB045 /* TrafficConsoleViewController.swift */ = {isa = PBXFileReference; lastKnownFileType = sourcecode.swift; path = TrafficConsoleViewController.swift; sourceTree = "<group>"; };
		575D3C8C845DF8218137261D /* TrafficSourceListVisibilityStore.swift */ = {isa = PBXFileReference; lastKnownFileType = sourcecode.swift; path = TrafficSourceListVisibilityStore.swift; sourceTree = "<group>"; };
		5AE0BEE39E9A130D9B186A1E /* CertificateTrustView.swift */ = {isa = PBXFileReference; lastKnownFileType = sourcecode.swift; path = CertificateTrustView.swift; sourceTree = "<group>"; };
		66A7CA88E94A0EEA0C0E87DE /* TrafficConsoleView.swift */ = {isa = PBXFileReference; lastKnownFileType = sourcecode.swift; path = TrafficConsoleView.swift; sourceTree = "<group>"; };
		6FE27071A3CA1563BDE76A63 /* TrafficSOCKS5ListenerStore.swift */ = {isa = PBXFileReference; lastKnownFileType = sourcecode.swift; path = TrafficSOCKS5ListenerStore.swift; sourceTree = "<group>"; };
		743A909ABF3FCA97B1C842A4 /* ProxyLensApp.swift */ = {isa = PBXFileReference; lastKnownFileType = sourcecode.swift; path = ProxyLensApp.swift; sourceTree = "<group>"; };
		7A5B8979CB766DA0883293A7 /* FlowTableViewController.swift */ = {isa = PBXFileReference; lastKnownFileType = sourcecode.swift; path = FlowTableViewController.swift; sourceTree = "<group>"; };
		82ED225FEA837E0DF24F5714 /* TrafficJSONTree.swift */ = {isa = PBXFileReference; lastKnownFileType = sourcecode.swift; path = TrafficJSONTree.swift; sourceTree = "<group>"; };
		857CBA8B74A3413E49C76FF0 /* ProxyLensUITests.xctest */ = {isa = PBXFileReference; explicitFileType = wrapper.cfbundle; includeInIndex = 0; path = ProxyLensUITests.xctest; sourceTree = BUILT_PRODUCTS_DIR; };
		873F46074DE3A8ABCB8DF71A /* FlowComparisonViewController.swift */ = {isa = PBXFileReference; lastKnownFileType = sourcecode.swift; path = FlowComparisonViewController.swift; sourceTree = "<group>"; };
		89FE3DD493C2F8C4C344A32F /* RemoteDeviceManagerViewController.swift */ = {isa = PBXFileReference; lastKnownFileType = sourcecode.swift; path = RemoteDeviceManagerViewController.swift; sourceTree = "<group>"; };
		8F81536FD8C5903EBEE8CA5B /* JSONTreeView.swift */ = {isa = PBXFileReference; lastKnownFileType = sourcecode.swift; path = JSONTreeView.swift; sourceTree = "<group>"; };
		8F8C4066A4A4B34B34D3FDE0 /* TrafficTimingView.swift */ = {isa = PBXFileReference; lastKnownFileType = sourcecode.swift; path = TrafficTimingView.swift; sourceTree = "<group>"; };
		91873DC87AA9518EDB8F05A6 /* FlowAnnotationBar.swift */ = {isa = PBXFileReference; lastKnownFileType = sourcecode.swift; path = FlowAnnotationBar.swift; sourceTree = "<group>"; };
		923D9E5BA08B5AA1C1799C58 /* RequestEditorViewController.swift */ = {isa = PBXFileReference; lastKnownFileType = sourcecode.swift; path = RequestEditorViewController.swift; sourceTree = "<group>"; };
		97015C25EE33DFBBED7C335A /* SourceListStateTests.swift */ = {isa = PBXFileReference; lastKnownFileType = sourcecode.swift; path = SourceListStateTests.swift; sourceTree = "<group>"; };
		A70766EAC7EB9C52135A70E9 /* ImageBodyPreview.swift */ = {isa = PBXFileReference; lastKnownFileType = sourcecode.swift; path = ImageBodyPreview.swift; sourceTree = "<group>"; };
		A75E3220B8D710A469344805 /* RemoteDeviceOnboardingTests.swift */ = {isa = PBXFileReference; lastKnownFileType = sourcecode.swift; path = RemoteDeviceOnboardingTests.swift; sourceTree = "<group>"; };
		AD3F594423C38E94C9B9171B /* InspectorSyntaxHighlighterTests.swift */ = {isa = PBXFileReference; lastKnownFileType = sourcecode.swift; path = InspectorSyntaxHighlighterTests.swift; sourceTree = "<group>"; };
		AF811D2FF8122AFEFEE20474 /* TrafficRemoteAccessStore.swift */ = {isa = PBXFileReference; lastKnownFileType = sourcecode.swift; path = TrafficRemoteAccessStore.swift; sourceTree = "<group>"; };
		B0B47EE0953CA762B4070214 /* main.swift */ = {isa = PBXFileReference; lastKnownFileType = sourcecode.swift; path = main.swift; sourceTree = "<group>"; };
		B46D3431731F71076B7E8CDC /* TrafficReverseProxyRouteStore.swift */ = {isa = PBXFileReference; lastKnownFileType = sourcecode.swift; path = TrafficReverseProxyRouteStore.swift; sourceTree = "<group>"; };
		B4C16BE3CAEEDBBE3FB94843 /* FlowAnnotationMenuController.swift */ = {isa = PBXFileReference; lastKnownFileType = sourcecode.swift; path = FlowAnnotationMenuController.swift; sourceTree = "<group>"; };
		B56F3F9C9B942B5BC3B2D5B1 /* ProxyLens.app */ = {isa = PBXFileReference; explicitFileType = wrapper.application; includeInIndex = 0; path = ProxyLens.app; sourceTree = BUILT_PRODUCTS_DIR; };
		B95DB0CB5CB9FE1AAB1AED89 /* SSLProxyingListTests.swift */ = {isa = PBXFileReference; lastKnownFileType = sourcecode.swift; path = SSLProxyingListTests.swift; sourceTree = "<group>"; };
		BDE5EE0368AD0DA0F387023A /* Info.plist */ = {isa = PBXFileReference; lastKnownFileType = text.plist; path = Info.plist; sourceTree = "<group>"; };
		C0611AF5853FFCC3AA99B0E1 /* ProxyLensCapture */ = {isa = PBXFileReference; lastKnownFileType = folder; name = ProxyLensCapture; path = Packages/ProxyLensCapture; sourceTree = SOURCE_ROOT; };
		C19617C5B9D59052C996587E /* ProxyLensPersistence */ = {isa = PBXFileReference; lastKnownFileType = folder; name = ProxyLensPersistence; path = Packages/ProxyLensPersistence; sourceTree = SOURCE_ROOT; };
		C2C16F1BA59C615C93D2C05E /* TrafficRulePresentation.swift */ = {isa = PBXFileReference; lastKnownFileType = sourcecode.swift; path = TrafficRulePresentation.swift; sourceTree = "<group>"; };
		C2ED53E7A9B4CAC71806AB42 /* TrafficRuleEditor.swift */ = {isa = PBXFileReference; lastKnownFileType = sourcecode.swift; path = TrafficRuleEditor.swift; sourceTree = "<group>"; };
		CAC50E4C3CEF3E988F3E971A /* TrafficNetworkConditionProfileStore.swift */ = {isa = PBXFileReference; lastKnownFileType = sourcecode.swift; path = TrafficNetworkConditionProfileStore.swift; sourceTree = "<group>"; };
		CD2DD7A3E5DBFDEBDAAB8019 /* InspectorViewController.swift */ = {isa = PBXFileReference; lastKnownFileType = sourcecode.swift; path = InspectorViewController.swift; sourceTree = "<group>"; };
		CD55B533219D6E951D93154C /* CompositionRoot.swift */ = {isa = PBXFileReference; lastKnownFileType = sourcecode.swift; path = CompositionRoot.swift; sourceTree = "<group>"; };
		CF341D98675B009E12536DD5 /* TrafficRequestComposerStore.swift */ = {isa = PBXFileReference; lastKnownFileType = sourcecode.swift; path = TrafficRequestComposerStore.swift; sourceTree = "<group>"; };
		D2705B7CDD7A834453F4309F /* ProxyLensPlatform */ = {isa = PBXFileReference; lastKnownFileType = folder; name = ProxyLensPlatform; path = Packages/ProxyLensPlatform; sourceTree = SOURCE_ROOT; };
		D28AC7F10EA69837809C4FFD /* TrafficConsoleViewModel.swift */ = {isa = PBXFileReference; lastKnownFileType = sourcecode.swift; path = TrafficConsoleViewModel.swift; sourceTree = "<group>"; };
		DA8306A5410C88C25029B8B2 /* SourceListViewController.swift */ = {isa = PBXFileReference; lastKnownFileType = sourcecode.swift; path = SourceListViewController.swift; sourceTree = "<group>"; };
		DBFD65D95C8689BCCD474F78 /* TrafficProtobufDescriptorStore.swift */ = {isa = PBXFileReference; lastKnownFileType = sourcecode.swift; path = TrafficProtobufDescriptorStore.swift; sourceTree = "<group>"; };
		DE6FFD1480622E10FA5F033E /* TrafficFlowComparison.swift */ = {isa = PBXFileReference; lastKnownFileType = sourcecode.swift; path = TrafficFlowComparison.swift; sourceTree = "<group>"; };
		E0987AEBCD1F634E6632127F /* RemoteDeviceApprovalBar.swift */ = {isa = PBXFileReference; lastKnownFileType = sourcecode.swift; path = RemoteDeviceApprovalBar.swift; sourceTree = "<group>"; };
		E6089C908BF5371EDF420474 /* ServerSentEventsViewController.swift */ = {isa = PBXFileReference; lastKnownFileType = sourcecode.swift; path = ServerSentEventsViewController.swift; sourceTree = "<group>"; };
		EEA75086146D4D5B75CE9C39 /* TrafficFilterBar.swift */ = {isa = PBXFileReference; lastKnownFileType = sourcecode.swift; path = TrafficFilterBar.swift; sourceTree = "<group>"; };
		EFDFBB4A0E109EE410B35366 /* AppRootView.swift */ = {isa = PBXFileReference; lastKnownFileType = sourcecode.swift; path = AppRootView.swift; sourceTree = "<group>"; };
		F30393A0CEF1F447D93AAB87 /* ProxyLensCore */ = {isa = PBXFileReference; lastKnownFileType = folder; name = ProxyLensCore; path = Packages/ProxyLensCore; sourceTree = SOURCE_ROOT; };
		F33DFB4D2B24AD09B7284CFC /* RuleManagerViewController.swift */ = {isa = PBXFileReference; lastKnownFileType = sourcecode.swift; path = RuleManagerViewController.swift; sourceTree = "<group>"; };
		F5B16617489B7554DFFD498E /* TrafficSSLProxyingStore.swift */ = {isa = PBXFileReference; lastKnownFileType = sourcecode.swift; path = TrafficSSLProxyingStore.swift; sourceTree = "<group>"; };
/* End PBXFileReference section */

/* Begin PBXFrameworksBuildPhase section */
		ED2B8A43B1475A817D106EC6 /* Frameworks */ = {
			isa = PBXFrameworksBuildPhase;
			buildActionMask = 2147483647;
			files = (
				85D80C4974F4313825EF6297 /* ProxyLensCore in Frameworks */,
				CC3BF6C33EBF71CD07924062 /* ProxyLensApplication in Frameworks */,
				9C01985BB4429DD4DD2E6DD8 /* ProxyLensCapture in Frameworks */,
				D12D1930AFFC6F304E1E311C /* ProxyLensPersistence in Frameworks */,
				373B10301985160C7CE114CD /* ProxyLensPlatform in Frameworks */,
			);
			runOnlyForDeploymentPostprocessing = 0;
		};
/* End PBXFrameworksBuildPhase section */

/* Begin PBXGroup section */
		02EBF4FB49828A97F5A2E62C /* Resources */ = {
			isa = PBXGroup;
			children = (
				BDE5EE0368AD0DA0F387023A /* Info.plist */,
			);
			path = Resources;
			sourceTree = "<group>";
		};
		08970E6CCA36799A9EEB2DDB /* ProxyLensApp */ = {
			isa = PBXGroup;
			children = (
				9654A61E86909CD5A9BA4DB3 /* App */,
				02EBF4FB49828A97F5A2E62C /* Resources */,
				EDF41D2C7ECB9314FA5E7CCE /* UI */,
			);
			path = ProxyLensApp;
			sourceTree = "<group>";
		};
		306A2783A537A2CCD76FE929 /* Shell */ = {
			isa = PBXGroup;
			children = (
				EFDFBB4A0E109EE410B35366 /* AppRootView.swift */,
			);
			path = Shell;
			sourceTree = "<group>";
		};
		4414501C563134A9B07DE60C /* ProxyLensUITests */ = {
			isa = PBXGroup;
			children = (
				0D5BA0765D03EAF524893CFC /* ProxyLensUITests.swift */,
			);
			path = ProxyLensUITests;
			sourceTree = "<group>";
		};
		4A44C051913D152DECEE5616 /* Onboarding */ = {
			isa = PBXGroup;
			children = (
				5AE0BEE39E9A130D9B186A1E /* CertificateTrustView.swift */,
			);
			path = Onboarding;
			sourceTree = "<group>";
		};
		5884DA73E96AAD47ACEE6F15 /* Tests */ = {
			isa = PBXGroup;
			children = (
				ADA7BF26DCA280261421A468 /* ProxyLensIntegrationTests */,
				4414501C563134A9B07DE60C /* ProxyLensUITests */,
			);
			path = Tests;
			sourceTree = "<group>";
		};
		810112C4DB4F25F0943530DD = {
			isa = PBXGroup;
			children = (
				B5B3D91BEC1782077B4160CB /* Packages */,
				08970E6CCA36799A9EEB2DDB /* ProxyLensApp */,
				5884DA73E96AAD47ACEE6F15 /* Tests */,
				CC1E732479B210873B346F95 /* Products */,
			);
			sourceTree = "<group>";
		};
		9654A61E86909CD5A9BA4DB3 /* App */ = {
			isa = PBXGroup;
			children = (
				CD55B533219D6E951D93154C /* CompositionRoot.swift */,
				B0B47EE0953CA762B4070214 /* main.swift */,
				743A909ABF3FCA97B1C842A4 /* ProxyLensApp.swift */,
			);
			path = App;
			sourceTree = "<group>";
		};
		A897D63EFB1821E7494173F3 /* TrafficConsole */ = {
			isa = PBXGroup;
			children = (
				91873DC87AA9518EDB8F05A6 /* FlowAnnotationBar.swift */,
				B4C16BE3CAEEDBBE3FB94843 /* FlowAnnotationMenuController.swift */,
				873F46074DE3A8ABCB8DF71A /* FlowComparisonViewController.swift */,
				7A5B8979CB766DA0883293A7 /* FlowTableViewController.swift */,
				A70766EAC7EB9C52135A70E9 /* ImageBodyPreview.swift */,
				0E12CC40779A6FCE6502DDAF /* InspectorSyntaxHighlighter.swift */,
				CD2DD7A3E5DBFDEBDAAB8019 /* InspectorViewController.swift */,
				01D09B9926BB52A1173728A9 /* JSONPathView.swift */,
				8F81536FD8C5903EBEE8CA5B /* JSONTreeView.swift */,
				E0987AEBCD1F634E6632127F /* RemoteDeviceApprovalBar.swift */,
				89FE3DD493C2F8C4C344A32F /* RemoteDeviceManagerViewController.swift */,
				2301F462EA5B6DF84A6E5963 /* RequestCodeViewController.swift */,
				923D9E5BA08B5AA1C1799C58 /* RequestEditorViewController.swift */,
				2E4484C00B16ECAD577547E7 /* ReverseProxyManagerViewController.swift */,
				F33DFB4D2B24AD09B7284CFC /* RuleManagerViewController.swift */,
				E6089C908BF5371EDF420474 /* ServerSentEventsViewController.swift */,
				DA8306A5410C88C25029B8B2 /* SourceListViewController.swift */,
				4C9FD9794324A67AB8F838E6 /* SSLProxyingManagerViewController.swift */,
				24F1B0636038D75081A25CB1 /* TrafficConsoleModels.swift */,
				66A7CA88E94A0EEA0C0E87DE /* TrafficConsoleView.swift */,
				5431991724785D72596AB045 /* TrafficConsoleViewController.swift */,
				D28AC7F10EA69837809C4FFD /* TrafficConsoleViewModel.swift */,
				47B5D14A8463E3566BC5DFA1 /* TrafficCustomFilterPresetStore.swift */,
				3C4C2E7B48C286D7CB4F53ED /* TrafficDisplayFilter.swift */,
				025545B6070CDC628BBF5D34 /* TrafficExternalHTTPProxyStore.swift */,
				EEA75086146D4D5B75CE9C39 /* TrafficFilterBar.swift */,
				DE6FFD1480622E10FA5F033E /* TrafficFlowComparison.swift */,
				82ED225FEA837E0DF24F5714 /* TrafficJSONTree.swift */,
				CAC50E4C3CEF3E988F3E971A /* TrafficNetworkConditionProfileStore.swift */,
				4BE1E94AA8E3C39F60F3D91E /* TrafficPinnedDomainsStore.swift */,
				DBFD65D95C8689BCCD474F78 /* TrafficProtobufDescriptorStore.swift */,
				AF811D2FF8122AFEFEE20474 /* TrafficRemoteAccessStore.swift */,
				CF341D98675B009E12536DD5 /* TrafficRequestComposerStore.swift */,
				B46D3431731F71076B7E8CDC /* TrafficReverseProxyRouteStore.swift */,
				C2ED53E7A9B4CAC71806AB42 /* TrafficRuleEditor.swift */,
				C2C16F1BA59C615C93D2C05E /* TrafficRulePresentation.swift */,
				6FE27071A3CA1563BDE76A63 /* TrafficSOCKS5ListenerStore.swift */,
				575D3C8C845DF8218137261D /* TrafficSourceListVisibilityStore.swift */,
				F5B16617489B7554DFFD498E /* TrafficSSLProxyingStore.swift */,
				8F8C4066A4A4B34B34D3FDE0 /* TrafficTimingView.swift */,
				154601C50BCE47AC5C6F619A /* WebSocketComposerViewController.swift */,
				41BE7B4809C9B8A2AEE6753C /* WebSocketFramesViewController.swift */,
			);
			path = TrafficConsole;
			sourceTree = "<group>";
		};
		ADA7BF26DCA280261421A468 /* ProxyLensIntegrationTests */ = {
			isa = PBXGroup;
			children = (
				AD3F594423C38E94C9B9171B /* InspectorSyntaxHighlighterTests.swift */,
				5331A527935610BDB492FE9C /* ProxyLensIntegrationTests.swift */,
				A75E3220B8D710A469344805 /* RemoteDeviceOnboardingTests.swift */,
				122B2D73B54A8517A7900962 /* ReverseProxyManagerTests.swift */,
				97015C25EE33DFBBED7C335A /* SourceListStateTests.swift */,
				B95DB0CB5CB9FE1AAB1AED89 /* SSLProxyingListTests.swift */,
			);
			path = ProxyLensIntegrationTests;
			sourceTree = "<group>";
		};
		B5B3D91BEC1782077B4160CB /* Packages */ = {
			isa = PBXGroup;
			children = (
				485699450B3F68111CF42269 /* ProxyLensApplication */,
				C0611AF5853FFCC3AA99B0E1 /* ProxyLensCapture */,
				F30393A0CEF1F447D93AAB87 /* ProxyLensCore */,
				C19617C5B9D59052C996587E /* ProxyLensPersistence */,
				D2705B7CDD7A834453F4309F /* ProxyLensPlatform */,
			);
			path = Packages;
			sourceTree = "<group>";
		};
		CC1E732479B210873B346F95 /* Products */ = {
			isa = PBXGroup;
			children = (
				B56F3F9C9B942B5BC3B2D5B1 /* ProxyLens.app */,
				07B2D15FC28073283A671F99 /* ProxyLensIntegrationTests.xctest */,
				857CBA8B74A3413E49C76FF0 /* ProxyLensUITests.xctest */,
			);
			name = Products;
			sourceTree = "<group>";
		};
		EDF41D2C7ECB9314FA5E7CCE /* UI */ = {
			isa = PBXGroup;
			children = (
				4A44C051913D152DECEE5616 /* Onboarding */,
				306A2783A537A2CCD76FE929 /* Shell */,
				A897D63EFB1821E7494173F3 /* TrafficConsole */,
			);
			path = UI;
			sourceTree = "<group>";
		};
/* End PBXGroup section */

/* Begin PBXNativeTarget section */
		5173617D16C58A9C4B60F160 /* ProxyLensIntegrationTests */ = {
			isa = PBXNativeTarget;
			buildConfigurationList = 0574DE351A0DED534F4A5DC7 /* Build configuration list for PBXNativeTarget "ProxyLensIntegrationTests" */;
			buildPhases = (
				86305F09D0312AC1DD289003 /* Sources */,
			);
			buildRules = (
			);
			dependencies = (
				F416BE298DC9950E164DF7B3 /* PBXTargetDependency */,
			);
			name = ProxyLensIntegrationTests;
			packageProductDependencies = (
			);
			productName = ProxyLensIntegrationTests;
			productReference = 07B2D15FC28073283A671F99 /* ProxyLensIntegrationTests.xctest */;
			productType = "com.apple.product-type.bundle.unit-test";
		};
		7325B8C37FBF4C67920F6E45 /* ProxyLensUITests */ = {
			isa = PBXNativeTarget;
			buildConfigurationList = 4E840496399319305E8DD953 /* Build configuration list for PBXNativeTarget "ProxyLensUITests" */;
			buildPhases = (
				BC210B42EB70A29F075DF088 /* Sources */,
			);
			buildRules = (
			);
			dependencies = (
				F0553C21BE46BF59D985BBD5 /* PBXTargetDependency */,
			);
			name = ProxyLensUITests;
			packageProductDependencies = (
			);
			productName = ProxyLensUITests;
			productReference = 857CBA8B74A3413E49C76FF0 /* ProxyLensUITests.xctest */;
			productType = "com.apple.product-type.bundle.ui-testing";
		};
		88FBBFAEB41803F06286C11C /* ProxyLens */ = {
			isa = PBXNativeTarget;
			buildConfigurationList = F84C8DFFDE07A77FAABB4C8A /* Build configuration list for PBXNativeTarget "ProxyLens" */;
			buildPhases = (
				D20C972A9198274E55C36E9F /* Sources */,
				ED2B8A43B1475A817D106EC6 /* Frameworks */,
			);
			buildRules = (
			);
			dependencies = (
			);
			name = ProxyLens;
			packageProductDependencies = (
				708F2844C30F68CD32CA2B79 /* ProxyLensCore */,
				44FD6C85C044A8636F92B57A /* ProxyLensApplication */,
				20B4DE37BCA1F153F20E438A /* ProxyLensCapture */,
				4BA26ACD4944A3F84274EAF3 /* ProxyLensPersistence */,
				18B3570142EE7D25C687F016 /* ProxyLensPlatform */,
			);
			productName = ProxyLens;
			productReference = B56F3F9C9B942B5BC3B2D5B1 /* ProxyLens.app */;
			productType = "com.apple.product-type.application";
		};
/* End PBXNativeTarget section */

/* Begin PBXProject section */
		790FD78CBE7FE49997A127B9 /* Project object */ = {
			isa = PBXProject;
			attributes = {
				BuildIndependentTargetsInParallel = YES;
				LastUpgradeCheck = 1430;
				TargetAttributes = {
					7325B8C37FBF4C67920F6E45 = {
						TestTargetID = 88FBBFAEB41803F06286C11C;
					};
				};
			};
			buildConfigurationList = CC74568350DEE9C880579B8A /* Build configuration list for PBXProject "ProxyLens" */;
			developmentRegion = en;
			hasScannedForEncodings = 0;
			knownRegions = (
				Base,
				en,
			);
			mainGroup = 810112C4DB4F25F0943530DD;
			minimizedProjectReferenceProxies = 1;
			packageReferences = (
				3D4E4225E4B0F85DBF9A7D79 /* XCLocalSwiftPackageReference "Packages/ProxyLensApplication" */,
				29FAEDB4F8892AF73666EEDF /* XCLocalSwiftPackageReference "Packages/ProxyLensCapture" */,
				2303FE2A6E9AFA767D22DC58 /* XCLocalSwiftPackageReference "Packages/ProxyLensCore" */,
				635B79A077B220C8AEEFDBFC /* XCLocalSwiftPackageReference "Packages/ProxyLensPersistence" */,
				4A97D879A4ED655EDC7EAB63 /* XCLocalSwiftPackageReference "Packages/ProxyLensPlatform" */,
			);
			preferredProjectObjectVersion = 77;
			productRefGroup = CC1E732479B210873B346F95 /* Products */;
			projectDirPath = "";
			projectRoot = "";
			targets = (
				88FBBFAEB41803F06286C11C /* ProxyLens */,
				5173617D16C58A9C4B60F160 /* ProxyLensIntegrationTests */,
				7325B8C37FBF4C67920F6E45 /* ProxyLensUITests */,
			);
		};
/* End PBXProject section */

/* Begin PBXSourcesBuildPhase section */
		86305F09D0312AC1DD289003 /* Sources */ = {
			isa = PBXSourcesBuildPhase;
			buildActionMask = 2147483647;
			files = (
				F54AA97088095502C3ED139A /* InspectorSyntaxHighlighterTests.swift in Sources */,
				02AA3E5CF2D3A84FDEDDA24C /* ProxyLensIntegrationTests.swift in Sources */,
				75362247E3B434188D34A8AF /* RemoteDeviceOnboardingTests.swift in Sources */,
				D31032437A9858E0126F259B /* ReverseProxyManagerTests.swift in Sources */,
				3EF2D51CA6A342A164EB6AD3 /* SSLProxyingListTests.swift in Sources */,
				611C6B0AC8AA0D94381708F3 /* SourceListStateTests.swift in Sources */,
			);
			runOnlyForDeploymentPostprocessing = 0;
		};
		BC210B42EB70A29F075DF088 /* Sources */ = {
			isa = PBXSourcesBuildPhase;
			buildActionMask = 2147483647;
			files = (
				8F716C718834177D066B5E10 /* ProxyLensUITests.swift in Sources */,
			);
			runOnlyForDeploymentPostprocessing = 0;
		};
		D20C972A9198274E55C36E9F /* Sources */ = {
			isa = PBXSourcesBuildPhase;
			buildActionMask = 2147483647;
			files = (
				82E9F96DC626E6ECD9CC4E77 /* AppRootView.swift in Sources */,
				E71EF203BB3608CDB20BB228 /* CertificateTrustView.swift in Sources */,
				4ACD51C43F2085541678203F /* CompositionRoot.swift in Sources */,
				7D51B5260D8232D964AF0FA9 /* FlowAnnotationBar.swift in Sources */,
				D259AE3B6E6E700C9C9B6A43 /* FlowAnnotationMenuController.swift in Sources */,
				7C3CD3EC0DACA4AB765C8CAB /* FlowComparisonViewController.swift in Sources */,
				1F3E0E42713E3EC5C701FC01 /* FlowTableViewController.swift in Sources */,
				1AF990CEA12F140979A22D11 /* ImageBodyPreview.swift in Sources */,
				EBAD3832AD7D9319D09637A5 /* InspectorSyntaxHighlighter.swift in Sources */,
				FD2D0BEA2060B361193FE458 /* InspectorViewController.swift in Sources */,
				57B64457ADACF350F658A216 /* JSONPathView.swift in Sources */,
				576E0F7AA3563221D08C27DD /* JSONTreeView.swift in Sources */,
				CB41E5410231F1DF25E24FB3 /* ProxyLensApp.swift in Sources */,
				B438B9E160B823649714C34A /* RemoteDeviceApprovalBar.swift in Sources */,
				8F4076E6ABADE5F34B4D9333 /* RemoteDeviceManagerViewController.swift in Sources */,
				FE7E4F317F5A0A101DDD0473 /* RequestCodeViewController.swift in Sources */,
				400C806BF9630E81A3E0192E /* RequestEditorViewController.swift in Sources */,
				CAC19A6E8E780C96B6A82C03 /* ReverseProxyManagerViewController.swift in Sources */,
				C84263CEAC853ECBE41CDA8A /* RuleManagerViewController.swift in Sources */,
				A9EE2454BBDABAD6D60AD13D /* SSLProxyingManagerViewController.swift in Sources */,
				7E1E455788136B45627A3A1D /* ServerSentEventsViewController.swift in Sources */,
				E2ADD2C913BA3F1C77422AB3 /* SourceListViewController.swift in Sources */,
				4F198D256EC8EE56A4204437 /* TrafficConsoleModels.swift in Sources */,
				3BD1BC19418233B225EDEC20 /* TrafficConsoleView.swift in Sources */,
				FA792C2FA4A58DD1F3A4199A /* TrafficConsoleViewController.swift in Sources */,
				EE3A98841B72146F45F0B436 /* TrafficConsoleViewModel.swift in Sources */,
				5C332CA8AA8DEFCB70104DFC /* TrafficCustomFilterPresetStore.swift in Sources */,
				19ECB9E0DE653CF3227D2936 /* TrafficDisplayFilter.swift in Sources */,
				34B71C03018F7D5810DA6AC7 /* TrafficExternalHTTPProxyStore.swift in Sources */,
				B059A6F35C869D13265781B2 /* TrafficFilterBar.swift in Sources */,
				208EBE3657E87216363FEEB2 /* TrafficFlowComparison.swift in Sources */,
				E863E81292180D5C2249B74F /* TrafficJSONTree.swift in Sources */,
				88551FA8089521662410CAE2 /* TrafficNetworkConditionProfileStore.swift in Sources */,
				8A00694007D37784EF2F9552 /* TrafficPinnedDomainsStore.swift in Sources */,
				18E04A6A0FC39C84C3450FF2 /* TrafficProtobufDescriptorStore.swift in Sources */,
				E8F8A7FFF5D720BDE99A6448 /* TrafficRemoteAccessStore.swift in Sources */,
				39A64F0B002C5E3C6AA9C7C6 /* TrafficRequestComposerStore.swift in Sources */,
				081BC6F59C782E01DC66335D /* TrafficReverseProxyRouteStore.swift in Sources */,
				2A55D8572B18D2C95D390218 /* TrafficRuleEditor.swift in Sources */,
				49ADFB634AF075C4AD7876C5 /* TrafficRulePresentation.swift in Sources */,
				A69F8681D48194E71BAD8819 /* TrafficSOCKS5ListenerStore.swift in Sources */,
				2AF529B0005003D7AAEE5500 /* TrafficSSLProxyingStore.swift in Sources */,
				0AA7F110FB4E462B57660E3D /* TrafficSourceListVisibilityStore.swift in Sources */,
				595E71FFE8A5B63FADEECBB1 /* TrafficTimingView.swift in Sources */,
				B1230416786F249A18B323FE /* WebSocketComposerViewController.swift in Sources */,
				3B4B3AB33F02C34981C5CCD1 /* WebSocketFramesViewController.swift in Sources */,
				B8E503B70A4CBCA655FE20A6 /* main.swift in Sources */,
			);
			runOnlyForDeploymentPostprocessing = 0;
		};
/* End PBXSourcesBuildPhase section */

/* Begin PBXTargetDependency section */
		F0553C21BE46BF59D985BBD5 /* PBXTargetDependency */ = {
			isa = PBXTargetDependency;
			target = 88FBBFAEB41803F06286C11C /* ProxyLens */;
			targetProxy = D538C2403D30E8E8CDD5B157 /* PBXContainerItemProxy */;
		};
		F416BE298DC9950E164DF7B3 /* PBXTargetDependency */ = {
			isa = PBXTargetDependency;
			target = 88FBBFAEB41803F06286C11C /* ProxyLens */;
			targetProxy = EE8480B65BBF6C7D302F7C24 /* PBXContainerItemProxy */;
		};
/* End PBXTargetDependency section */

/* Begin XCBuildConfiguration section */
		0FAE36C7F6FEE2AE2560C671 /* Debug */ = {
			isa = XCBuildConfiguration;
			buildSettings = {
				ASSETCATALOG_COMPILER_APPICON_NAME = AppIcon;
				CODE_SIGN_ENTITLEMENTS = ProxyLensApp/Resources/ProxyLens.entitlements;
				COMBINE_HIDPI_IMAGES = YES;
				CURRENT_PROJECT_VERSION = 1;
				ENABLE_HARDENED_RUNTIME = YES;
				INFOPLIST_FILE = ProxyLensApp/Resources/Info.plist;
				LD_RUNPATH_SEARCH_PATHS = (
					"$(inherited)",
					"@executable_path/../Frameworks",
				);
				MARKETING_VERSION = 0.1.0;
				PRODUCT_BUNDLE_IDENTIFIER = com.proxylens.ProxyLens;
				PRODUCT_NAME = ProxyLens;
				SDKROOT = macosx;
			};
			name = Debug;
		};
		32B447F21D8B19508930E141 /* Release */ = {
			isa = XCBuildConfiguration;
			buildSettings = {
				BUNDLE_LOADER = "$(TEST_HOST)";
				COMBINE_HIDPI_IMAGES = YES;
				GENERATE_INFOPLIST_FILE = YES;
				LD_RUNPATH_SEARCH_PATHS = (
					"$(inherited)",
					"@executable_path/Frameworks",
					"@loader_path/Frameworks",
				);
				PRODUCT_BUNDLE_IDENTIFIER = com.proxylens.ProxyLensUITests;
				SDKROOT = macosx;
				TEST_TARGET_NAME = ProxyLens;
			};
			name = Release;
		};
		352A39613295234A4B095810 /* Debug */ = {
			isa = XCBuildConfiguration;
			buildSettings = {
				BUNDLE_LOADER = "$(TEST_HOST)";
				COMBINE_HIDPI_IMAGES = YES;
				GENERATE_INFOPLIST_FILE = YES;
				LD_RUNPATH_SEARCH_PATHS = (
					"$(inherited)",
					"@executable_path/../Frameworks",
					"@loader_path/../Frameworks",
				);
				PRODUCT_BUNDLE_IDENTIFIER = com.proxylens.ProxyLensIntegrationTests;
				SDKROOT = macosx;
				TEST_HOST = "$(BUILT_PRODUCTS_DIR)/ProxyLens.app/Contents/MacOS/ProxyLens";
			};
			name = Debug;
		};
		3E051ED4AB5249E73D09B1A3 /* Debug */ = {
			isa = XCBuildConfiguration;
			buildSettings = {
				ALWAYS_SEARCH_USER_PATHS = NO;
				CLANG_ANALYZER_NONNULL = YES;
				CLANG_ANALYZER_NUMBER_OBJECT_CONVERSION = YES_AGGRESSIVE;
				CLANG_CXX_LANGUAGE_STANDARD = "gnu++14";
				CLANG_CXX_LIBRARY = "libc++";
				CLANG_ENABLE_MODULES = YES;
				CLANG_ENABLE_OBJC_ARC = YES;
				CLANG_ENABLE_OBJC_WEAK = YES;
				CLANG_WARN_BLOCK_CAPTURE_AUTORELEASING = YES;
				CLANG_WARN_BOOL_CONVERSION = YES;
				CLANG_WARN_COMMA = YES;
				CLANG_WARN_CONSTANT_CONVERSION = YES;
				CLANG_WARN_DEPRECATED_OBJC_IMPLEMENTATIONS = YES;
				CLANG_WARN_DIRECT_OBJC_ISA_USAGE = YES_ERROR;
				CLANG_WARN_DOCUMENTATION_COMMENTS = YES;
				CLANG_WARN_EMPTY_BODY = YES;
				CLANG_WARN_ENUM_CONVERSION = YES;
				CLANG_WARN_INFINITE_RECURSION = YES;
				CLANG_WARN_INT_CONVERSION = YES;
				CLANG_WARN_NON_LITERAL_NULL_CONVERSION = YES;
				CLANG_WARN_OBJC_IMPLICIT_RETAIN_SELF = YES;
				CLANG_WARN_OBJC_LITERAL_CONVERSION = YES;
				CLANG_WARN_OBJC_ROOT_CLASS = YES_ERROR;
				CLANG_WARN_QUOTED_INCLUDE_IN_FRAMEWORK_HEADER = YES;
				CLANG_WARN_RANGE_LOOP_ANALYSIS = YES;
				CLANG_WARN_STRICT_PROTOTYPES = YES;
				CLANG_WARN_SUSPICIOUS_MOVE = YES;
				CLANG_WARN_UNGUARDED_AVAILABILITY = YES_AGGRESSIVE;
				CLANG_WARN_UNREACHABLE_CODE = YES;
				CLANG_WARN__DUPLICATE_METHOD_MATCH = YES;
				COPY_PHASE_STRIP = NO;
				DEBUG_INFORMATION_FORMAT = dwarf;
				ENABLE_STRICT_OBJC_MSGSEND = YES;
				ENABLE_TESTABILITY = YES;
				GCC_C_LANGUAGE_STANDARD = gnu11;
				GCC_DYNAMIC_NO_PIC = NO;
				GCC_NO_COMMON_BLOCKS = YES;
				GCC_OPTIMIZATION_LEVEL = 0;
				GCC_PREPROCESSOR_DEFINITIONS = (
					"$(inherited)",
					"DEBUG=1",
				);
				GCC_WARN_64_TO_32_BIT_CONVERSION = YES;
				GCC_WARN_ABOUT_RETURN_TYPE = YES_ERROR;
				GCC_WARN_UNDECLARED_SELECTOR = YES;
				GCC_WARN_UNINITIALIZED_AUTOS = YES_AGGRESSIVE;
				GCC_WARN_UNUSED_FUNCTION = YES;
				GCC_WARN_UNUSED_VARIABLE = YES;
				MACOSX_DEPLOYMENT_TARGET = 14.0;
				MTL_ENABLE_DEBUG_INFO = INCLUDE_SOURCE;
				MTL_FAST_MATH = YES;
				ONLY_ACTIVE_ARCH = YES;
				PRODUCT_NAME = "$(TARGET_NAME)";
				SDKROOT = macosx;
				SWIFT_ACTIVE_COMPILATION_CONDITIONS = DEBUG;
				SWIFT_OPTIMIZATION_LEVEL = "-Onone";
				SWIFT_STRICT_CONCURRENCY = complete;
				SWIFT_VERSION = 6.0;
			};
			name = Debug;
		};
		C335CE04A0B16251350DE1AA /* Debug */ = {
			isa = XCBuildConfiguration;
			buildSettings = {
				BUNDLE_LOADER = "$(TEST_HOST)";
				COMBINE_HIDPI_IMAGES = YES;
				GENERATE_INFOPLIST_FILE = YES;
				LD_RUNPATH_SEARCH_PATHS = (
					"$(inherited)",
					"@executable_path/Frameworks",
					"@loader_path/Frameworks",
				);
				PRODUCT_BUNDLE_IDENTIFIER = com.proxylens.ProxyLensUITests;
				SDKROOT = macosx;
				TEST_TARGET_NAME = ProxyLens;
			};
			name = Debug;
		};
		CDCE43D2D39A5E44D5E8CE15 /* Release */ = {
			isa = XCBuildConfiguration;
			buildSettings = {
				ALWAYS_SEARCH_USER_PATHS = NO;
				CLANG_ANALYZER_NONNULL = YES;
				CLANG_ANALYZER_NUMBER_OBJECT_CONVERSION = YES_AGGRESSIVE;
				CLANG_CXX_LANGUAGE_STANDARD = "gnu++14";
				CLANG_CXX_LIBRARY = "libc++";
				CLANG_ENABLE_MODULES = YES;
				CLANG_ENABLE_OBJC_ARC = YES;
				CLANG_ENABLE_OBJC_WEAK = YES;
				CLANG_WARN_BLOCK_CAPTURE_AUTORELEASING = YES;
				CLANG_WARN_BOOL_CONVERSION = YES;
				CLANG_WARN_COMMA = YES;
				CLANG_WARN_CONSTANT_CONVERSION = YES;
				CLANG_WARN_DEPRECATED_OBJC_IMPLEMENTATIONS = YES;
				CLANG_WARN_DIRECT_OBJC_ISA_USAGE = YES_ERROR;
				CLANG_WARN_DOCUMENTATION_COMMENTS = YES;
				CLANG_WARN_EMPTY_BODY = YES;
				CLANG_WARN_ENUM_CONVERSION = YES;
				CLANG_WARN_INFINITE_RECURSION = YES;
				CLANG_WARN_INT_CONVERSION = YES;
				CLANG_WARN_NON_LITERAL_NULL_CONVERSION = YES;
				CLANG_WARN_OBJC_IMPLICIT_RETAIN_SELF = YES;
				CLANG_WARN_OBJC_LITERAL_CONVERSION = YES;
				CLANG_WARN_OBJC_ROOT_CLASS = YES_ERROR;
				CLANG_WARN_QUOTED_INCLUDE_IN_FRAMEWORK_HEADER = YES;
				CLANG_WARN_RANGE_LOOP_ANALYSIS = YES;
				CLANG_WARN_STRICT_PROTOTYPES = YES;
				CLANG_WARN_SUSPICIOUS_MOVE = YES;
				CLANG_WARN_UNGUARDED_AVAILABILITY = YES_AGGRESSIVE;
				CLANG_WARN_UNREACHABLE_CODE = YES;
				CLANG_WARN__DUPLICATE_METHOD_MATCH = YES;
				COPY_PHASE_STRIP = NO;
				DEBUG_INFORMATION_FORMAT = "dwarf-with-dsym";
				ENABLE_NS_ASSERTIONS = NO;
				ENABLE_STRICT_OBJC_MSGSEND = YES;
				GCC_C_LANGUAGE_STANDARD = gnu11;
				GCC_NO_COMMON_BLOCKS = YES;
				GCC_WARN_64_TO_32_BIT_CONVERSION = YES;
				GCC_WARN_ABOUT_RETURN_TYPE = YES_ERROR;
				GCC_WARN_UNDECLARED_SELECTOR = YES;
				GCC_WARN_UNINITIALIZED_AUTOS = YES_AGGRESSIVE;
				GCC_WARN_UNUSED_FUNCTION = YES;
				GCC_WARN_UNUSED_VARIABLE = YES;
				MACOSX_DEPLOYMENT_TARGET = 14.0;
				MTL_ENABLE_DEBUG_INFO = NO;
				MTL_FAST_MATH = YES;
				PRODUCT_NAME = "$(TARGET_NAME)";
				SDKROOT = macosx;
				SWIFT_COMPILATION_MODE = wholemodule;
				SWIFT_OPTIMIZATION_LEVEL = "-O";
				SWIFT_STRICT_CONCURRENCY = complete;
				SWIFT_VERSION = 6.0;
			};
			name = Release;
		};
		D155480DA70467FE15A01909 /* Release */ = {
			isa = XCBuildConfiguration;
			buildSettings = {
				ASSETCATALOG_COMPILER_APPICON_NAME = AppIcon;
				CODE_SIGN_ENTITLEMENTS = ProxyLensApp/Resources/ProxyLens.entitlements;
				CODE_SIGN_INJECT_BASE_ENTITLEMENTS = NO;
				COMBINE_HIDPI_IMAGES = YES;
				CURRENT_PROJECT_VERSION = 1;
				ENABLE_HARDENED_RUNTIME = YES;
				INFOPLIST_FILE = ProxyLensApp/Resources/Info.plist;
				LD_RUNPATH_SEARCH_PATHS = (
					"$(inherited)",
					"@executable_path/../Frameworks",
				);
				MARKETING_VERSION = 0.1.0;
				PRODUCT_BUNDLE_IDENTIFIER = com.proxylens.ProxyLens;
				PRODUCT_NAME = ProxyLens;
				SDKROOT = macosx;
			};
			name = Release;
		};
		F1FA09B94D8AC79AF34D9A3A /* Release */ = {
			isa = XCBuildConfiguration;
			buildSettings = {
				BUNDLE_LOADER = "$(TEST_HOST)";
				COMBINE_HIDPI_IMAGES = YES;
				GENERATE_INFOPLIST_FILE = YES;
				LD_RUNPATH_SEARCH_PATHS = (
					"$(inherited)",
					"@executable_path/../Frameworks",
					"@loader_path/../Frameworks",
				);
				PRODUCT_BUNDLE_IDENTIFIER = com.proxylens.ProxyLensIntegrationTests;
				SDKROOT = macosx;
				TEST_HOST = "$(BUILT_PRODUCTS_DIR)/ProxyLens.app/Contents/MacOS/ProxyLens";
			};
			name = Release;
		};
/* End XCBuildConfiguration section */

/* Begin XCConfigurationList section */
		0574DE351A0DED534F4A5DC7 /* Build configuration list for PBXNativeTarget "ProxyLensIntegrationTests" */ = {
			isa = XCConfigurationList;
			buildConfigurations = (
				352A39613295234A4B095810 /* Debug */,
				F1FA09B94D8AC79AF34D9A3A /* Release */,
			);
			defaultConfigurationIsVisible = 0;
			defaultConfigurationName = Debug;
		};
		4E840496399319305E8DD953 /* Build configuration list for PBXNativeTarget "ProxyLensUITests" */ = {
			isa = XCConfigurationList;
			buildConfigurations = (
				C335CE04A0B16251350DE1AA /* Debug */,
				32B447F21D8B19508930E141 /* Release */,
			);
			defaultConfigurationIsVisible = 0;
			defaultConfigurationName = Debug;
		};
		CC74568350DEE9C880579B8A /* Build configuration list for PBXProject "ProxyLens" */ = {
			isa = XCConfigurationList;
			buildConfigurations = (
				3E051ED4AB5249E73D09B1A3 /* Debug */,
				CDCE43D2D39A5E44D5E8CE15 /* Release */,
			);
			defaultConfigurationIsVisible = 0;
			defaultConfigurationName = Debug;
		};
		F84C8DFFDE07A77FAABB4C8A /* Build configuration list for PBXNativeTarget "ProxyLens" */ = {
			isa = XCConfigurationList;
			buildConfigurations = (
				0FAE36C7F6FEE2AE2560C671 /* Debug */,
				D155480DA70467FE15A01909 /* Release */,
			);
			defaultConfigurationIsVisible = 0;
			defaultConfigurationName = Debug;
		};
/* End XCConfigurationList section */

/* Begin XCLocalSwiftPackageReference section */
		2303FE2A6E9AFA767D22DC58 /* XCLocalSwiftPackageReference "Packages/ProxyLensCore" */ = {
			isa = XCLocalSwiftPackageReference;
			relativePath = Packages/ProxyLensCore;
		};
		29FAEDB4F8892AF73666EEDF /* XCLocalSwiftPackageReference "Packages/ProxyLensCapture" */ = {
			isa = XCLocalSwiftPackageReference;
			relativePath = Packages/ProxyLensCapture;
		};
		3D4E4225E4B0F85DBF9A7D79 /* XCLocalSwiftPackageReference "Packages/ProxyLensApplication" */ = {
			isa = XCLocalSwiftPackageReference;
			relativePath = Packages/ProxyLensApplication;
		};
		4A97D879A4ED655EDC7EAB63 /* XCLocalSwiftPackageReference "Packages/ProxyLensPlatform" */ = {
			isa = XCLocalSwiftPackageReference;
			relativePath = Packages/ProxyLensPlatform;
		};
		635B79A077B220C8AEEFDBFC /* XCLocalSwiftPackageReference "Packages/ProxyLensPersistence" */ = {
			isa = XCLocalSwiftPackageReference;
			relativePath = Packages/ProxyLensPersistence;
		};
/* End XCLocalSwiftPackageReference section */

/* Begin XCSwiftPackageProductDependency section */
		18B3570142EE7D25C687F016 /* ProxyLensPlatform */ = {
			isa = XCSwiftPackageProductDependency;
			productName = ProxyLensPlatform;
		};
		20B4DE37BCA1F153F20E438A /* ProxyLensCapture */ = {
			isa = XCSwiftPackageProductDependency;
			productName = ProxyLensCapture;
		};
		44FD6C85C044A8636F92B57A /* ProxyLensApplication */ = {
			isa = XCSwiftPackageProductDependency;
			productName = ProxyLensApplication;
		};
		4BA26ACD4944A3F84274EAF3 /* ProxyLensPersistence */ = {
			isa = XCSwiftPackageProductDependency;
			productName = ProxyLensPersistence;
		};
		708F2844C30F68CD32CA2B79 /* ProxyLensCore */ = {
			isa = XCSwiftPackageProductDependency;
			productName = ProxyLensCore;
		};
/* End XCSwiftPackageProductDependency section */
	};
	rootObject = 790FD78CBE7FE49997A127B9 /* Project object */;
}
